Microsoft Visual Studio Solution File, Format Version 12.00
# Visual Studio Version 16
VisualStudioVersion = 16.0.0.0
MinimumVisualStudioVersion = 16.0.0.0
Project("{9A19103F-16F7-4668-BE54-9A1E7A4F7556}") = "Intrepion.KlondikeSolitaire", "Intrepion.KlondikeSolitaire\Intrepion.KlondikeSolitaire.csproj", "{7D64B83A-E0CF-45A6-B12B-D58DE192E6BC}"
EndProject
Project("{9A19103F-16F7-4668-BE54-9A1E7A4F7556}") = "Intrepion.KlondikeSolitaire.Client", "Intrepion.KlondikeSolitaire.Client\Intrepion.KlondikeSolitaire.Client.csproj", "{9C6A0EB9-483B-41AA-9AF2-F2E7640EFA2E}"
EndProject
Global
	GlobalSection(SolutionConfigurationPlatforms) = preSolution
		Debug|Any CPU = Debug|Any CPU
		Debug|x64 = Debug|x64
		Debug|x86 = Debug|x86
		Release|Any CPU = Release|Any CPU
		Release|x64 = Release|x64
		Release|x86 = Release|x86
	EndGlobalSection
	GlobalSection(ProjectConfigurationPlatforms) = postSolution
		{9C6A0EB9-483B-41AA-9AF2-F2E7640EFA2E}.Debug|Any CPU.ActiveCfg = Debug|Any CPU
		{9C6A0EB9-483B-41AA-9AF2-F2E7640EFA2E}.Debug|Any CPU.Build.0 = Debug|Any CPU
		{9C6A0EB9-483B-41AA-9AF2-F2E7640EFA2E}.Debug|x64.ActiveCfg = Debug|Any CPU
		{9C6A0EB9-483B-41AA-9AF2-F2E7640EFA2E}.Debug|x64.Build.0 = Debug|Any CPU
		{9C6A0EB9-483B-41AA-9AF2-F2E7640EFA2E}.Debug|x86.ActiveCfg = Debug|Any CPU
		{9C6A0EB9-483B-41AA-9AF2-F2E7640EFA2E}.Debug|x86.Build.0 = Debug|Any CPU
		{9C6A0EB9-483B-41AA-9AF2-F2E7640EFA2E}.Release|Any CPU.ActiveCfg = Release|Any CPU
		{9C6A0EB9-483B-41AA-9AF2-F2E7640EFA2E}.Release|Any CPU.Build.0 = Release|Any CPU
		{9C6A0EB9-483B-41AA-9AF2-F2E7640EFA2E}.Release|x64.ActiveCfg = Release|Any CPU
		{9C6A0EB9-483B-41AA-9AF2-F2E7640EFA2E}.Release|x64.Build.0 = Release|Any CPU
		{9C6A0EB9-483B-41AA-9AF2-F2E7640EFA2E}.Release|x86.ActiveCfg = Release|Any CPU
		{9C6A0EB9-483B-41AA-9AF2-F2E7640EFA2E}.Release|x86.Build.0 = Release|Any CPU
		{7D64B83A-E0CF-45A6-B12B-D58DE192E6BC}.Debug|Any CPU.ActiveCfg = Debug|Any CPU
		{7D64B83A-E0CF-45A6-B12B-D58DE192E6BC}.Debug|Any CPU.Build.0 = Debug|Any CPU
		{7D64B83A-E0CF-45A6-B12B-D58DE192E6BC}.Debug|x64.ActiveCfg = Debug|Any CPU
		{7D64B83A-E0CF-45A6-B12B-D58DE192E6BC}.Debug|x64.Build.0 = Debug|Any CPU
		{7D64B83A-E0CF-45A6-B12B-D58DE192E6BC}.Debug|x86.ActiveCfg = Debug|Any CPU
		{7D64B83A-E0CF-45A6-B12B-D58DE192E6BC}.Debug|x86.Build.0 = Debug|Any CPU
		{7D64B83A-E0CF-45A6-B12B-D58DE192E6BC}.Release|Any CPU.ActiveCfg = Release|Any CPU
		{7D64B83A-E0CF-45A6-B12B-D58DE192E6BC}.Release|Any CPU.Build.0 = Release|Any CPU
		{7D64B83A-E0CF-45A6-B12B-D58DE192E6BC}.Release|x64.ActiveCfg = Release|Any CPU
		{7D64B83A-E0CF-45A6-B12B-D58DE192E6BC}.Release|x64.Build.0 = Release|Any CPU
		{7D64B83A-E0CF-45A6-B12B-D58DE192E6BC}.Release|x86.ActiveCfg = Release|Any CPU
		{7D64B83A-E0CF-45A6-B12B-D58DE192E6BC}.Release|x86.Build.0 = Release|Any CPU
	EndGlobalSection
	GlobalSection(SolutionProperties) = preSolution
		HideSolutionNode = FALSE
	EndGlobalSection
	GlobalSection(ExtensibilityGlobals) = postSolution
		SolutionGuid = {6E9BE586-B08D-421A-A4D0-A09978237EFE}
	EndGlobalSection
EndGlobal
