Microsoft Visual Studio Solution File, Format Version 12.00
# Visual Studio Version 16
VisualStudioVersion = 16.0.0.0
MinimumVisualStudioVersion = 16.0.0.0
Project("{9A19103F-16F7-4668-BE54-9A1E7A4F7556}") = "Intrepion.KlondikeSolitaire", "Intrepion.KlondikeSolitaire\Intrepion.KlondikeSolitaire.csproj", "{8D0E308B-F392-4F07-BD90-BD670D9ADA7D}"
EndProject
Project("{9A19103F-16F7-4668-BE54-9A1E7A4F7556}") = "Intrepion.KlondikeSolitaire.Client", "Intrepion.KlondikeSolitaire.Client\Intrepion.KlondikeSolitaire.Client.csproj", "{ECAE8A7C-07BE-4818-A437-29382AC49D5C}"
EndProject
Project("{FAE04EC0-301F-11D3-BF4B-00C04F79EFBC}") = "Intrepion.KlondikeSolitaire.AcceptanceTests", "Intrepion.KlondikeSolitaire.AcceptanceTests\Intrepion.KlondikeSolitaire.AcceptanceTests.csproj", "{F59FBC93-87EE-4C9C-9F47-7DF9ACBEB51C}"
EndProject
Project("{FAE04EC0-301F-11D3-BF4B-00C04F79EFBC}") = "Intrepion.KlondikeSolitaire.BusinessLogic", "Intrepion.KlondikeSolitaire.BusinessLogic\Intrepion.KlondikeSolitaire.BusinessLogic.csproj", "{221BF7CA-D228-4ED2-A965-0FE9F5A354C7}"
EndProject
Project("{FAE04EC0-301F-11D3-BF4B-00C04F79EFBC}") = "Intrepion.KlondikeSolitaire.BusinessLogic.UnitTests", "Intrepion.KlondikeSolitaire.BusinessLogic.UnitTests\Intrepion.KlondikeSolitaire.BusinessLogic.UnitTests.csproj", "{05494270-A5D8-4F40-BEB3-12A5377AFF4B}"
EndProject
Global
	GlobalSection(SolutionConfigurationPlatforms) = preSolution
		Debug|Any CPU = Debug|Any CPU
		Debug|x64 = Debug|x64
		Debug|x86 = Debug|x86
		Release|Any CPU = Release|Any CPU
		Release|x64 = Release|x64
		Release|x86 = Release|x86
	EndGlobalSection
	GlobalSection(ProjectConfigurationPlatforms) = postSolution
		{ECAE8A7C-07BE-4818-A437-29382AC49D5C}.Debug|Any CPU.ActiveCfg = Debug|Any CPU
		{ECAE8A7C-07BE-4818-A437-29382AC49D5C}.Debug|Any CPU.Build.0 = Debug|Any CPU
		{ECAE8A7C-07BE-4818-A437-29382AC49D5C}.Debug|x64.ActiveCfg = Debug|Any CPU
		{ECAE8A7C-07BE-4818-A437-29382AC49D5C}.Debug|x64.Build.0 = Debug|Any CPU
		{ECAE8A7C-07BE-4818-A437-29382AC49D5C}.Debug|x86.ActiveCfg = Debug|Any CPU
		{ECAE8A7C-07BE-4818-A437-29382AC49D5C}.Debug|x86.Build.0 = Debug|Any CPU
		{ECAE8A7C-07BE-4818-A437-29382AC49D5C}.Release|Any CPU.ActiveCfg = Release|Any CPU
		{ECAE8A7C-07BE-4818-A437-29382AC49D5C}.Release|Any CPU.Build.0 = Release|Any CPU
		{ECAE8A7C-07BE-4818-A437-29382AC49D5C}.Release|x64.ActiveCfg = Release|Any CPU
		{ECAE8A7C-07BE-4818-A437-29382AC49D5C}.Release|x64.Build.0 = Release|Any CPU
		{ECAE8A7C-07BE-4818-A437-29382AC49D5C}.Release|x86.ActiveCfg = Release|Any CPU
		{ECAE8A7C-07BE-4818-A437-29382AC49D5C}.Release|x86.Build.0 = Release|Any CPU
		{8D0E308B-F392-4F07-BD90-BD670D9ADA7D}.Debug|Any CPU.ActiveCfg = Debug|Any CPU
		{8D0E308B-F392-4F07-BD90-BD670D9ADA7D}.Debug|Any CPU.Build.0 = Debug|Any CPU
		{8D0E308B-F392-4F07-BD90-BD670D9ADA7D}.Debug|x64.ActiveCfg = Debug|Any CPU
		{8D0E308B-F392-4F07-BD90-BD670D9ADA7D}.Debug|x64.Build.0 = Debug|Any CPU
		{8D0E308B-F392-4F07-BD90-BD670D9ADA7D}.Debug|x86.ActiveCfg = Debug|Any CPU
		{8D0E308B-F392-4F07-BD90-BD670D9ADA7D}.Debug|x86.Build.0 = Debug|Any CPU
		{8D0E308B-F392-4F07-BD90-BD670D9ADA7D}.Release|Any CPU.ActiveCfg = Release|Any CPU
		{8D0E308B-F392-4F07-BD90-BD670D9ADA7D}.Release|Any CPU.Build.0 = Release|Any CPU
		{8D0E308B-F392-4F07-BD90-BD670D9ADA7D}.Release|x64.ActiveCfg = Release|Any CPU
		{8D0E308B-F392-4F07-BD90-BD670D9ADA7D}.Release|x64.Build.0 = Release|Any CPU
		{8D0E308B-F392-4F07-BD90-BD670D9ADA7D}.Release|x86.ActiveCfg = Release|Any CPU
		{8D0E308B-F392-4F07-BD90-BD670D9ADA7D}.Release|x86.Build.0 = Release|Any CPU
		{F59FBC93-87EE-4C9C-9F47-7DF9ACBEB51C}.Debug|Any CPU.ActiveCfg = Debug|Any CPU
		{F59FBC93-87EE-4C9C-9F47-7DF9ACBEB51C}.Debug|Any CPU.Build.0 = Debug|Any CPU
		{F59FBC93-87EE-4C9C-9F47-7DF9ACBEB51C}.Debug|x64.ActiveCfg = Debug|Any CPU
		{F59FBC93-87EE-4C9C-9F47-7DF9ACBEB51C}.Debug|x64.Build.0 = Debug|Any CPU
		{F59FBC93-87EE-4C9C-9F47-7DF9ACBEB51C}.Debug|x86.ActiveCfg = Debug|Any CPU
		{F59FBC93-87EE-4C9C-9F47-7DF9ACBEB51C}.Debug|x86.Build.0 = Debug|Any CPU
		{F59FBC93-87EE-4C9C-9F47-7DF9ACBEB51C}.Release|Any CPU.ActiveCfg = Release|Any CPU
		{F59FBC93-87EE-4C9C-9F47-7DF9ACBEB51C}.Release|Any CPU.Build.0 = Release|Any CPU
		{F59FBC93-87EE-4C9C-9F47-7DF9ACBEB51C}.Release|x64.ActiveCfg = Release|Any CPU
		{F59FBC93-87EE-4C9C-9F47-7DF9ACBEB51C}.Release|x64.Build.0 = Release|Any CPU
		{F59FBC93-87EE-4C9C-9F47-7DF9ACBEB51C}.Release|x86.ActiveCfg = Release|Any CPU
		{F59FBC93-87EE-4C9C-9F47-7DF9ACBEB51C}.Release|x86.Build.0 = Release|Any CPU
		{221BF7CA-D228-4ED2-A965-0FE9F5A354C7}.Debug|Any CPU.ActiveCfg = Debug|Any CPU
		{221BF7CA-D228-4ED2-A965-0FE9F5A354C7}.Debug|Any CPU.Build.0 = Debug|Any CPU
		{221BF7CA-D228-4ED2-A965-0FE9F5A354C7}.Debug|x64.ActiveCfg = Debug|Any CPU
		{221BF7CA-D228-4ED2-A965-0FE9F5A354C7}.Debug|x64.Build.0 = Debug|Any CPU
		{221BF7CA-D228-4ED2-A965-0FE9F5A354C7}.Debug|x86.ActiveCfg = Debug|Any CPU
		{221BF7CA-D228-4ED2-A965-0FE9F5A354C7}.Debug|x86.Build.0 = Debug|Any CPU
		{221BF7CA-D228-4ED2-A965-0FE9F5A354C7}.Release|Any CPU.ActiveCfg = Release|Any CPU
		{221BF7CA-D228-4ED2-A965-0FE9F5A354C7}.Release|Any CPU.Build.0 = Release|Any CPU
		{221BF7CA-D228-4ED2-A965-0FE9F5A354C7}.Release|x64.ActiveCfg = Release|Any CPU
		{221BF7CA-D228-4ED2-A965-0FE9F5A354C7}.Release|x64.Build.0 = Release|Any CPU
		{221BF7CA-D228-4ED2-A965-0FE9F5A354C7}.Release|x86.ActiveCfg = Release|Any CPU
		{221BF7CA-D228-4ED2-A965-0FE9F5A354C7}.Release|x86.Build.0 = Release|Any CPU
		{05494270-A5D8-4F40-BEB3-12A5377AFF4B}.Debug|Any CPU.ActiveCfg = Debug|Any CPU
		{05494270-A5D8-4F40-BEB3-12A5377AFF4B}.Debug|Any CPU.Build.0 = Debug|Any CPU
		{05494270-A5D8-4F40-BEB3-12A5377AFF4B}.Debug|x64.ActiveCfg = Debug|Any CPU
		{05494270-A5D8-4F40-BEB3-12A5377AFF4B}.Debug|x64.Build.0 = Debug|Any CPU
		{05494270-A5D8-4F40-BEB3-12A5377AFF4B}.Debug|x86.ActiveCfg = Debug|Any CPU
		{05494270-A5D8-4F40-BEB3-12A5377AFF4B}.Debug|x86.Build.0 = Debug|Any CPU
		{05494270-A5D8-4F40-BEB3-12A5377AFF4B}.Release|Any CPU.ActiveCfg = Release|Any CPU
		{05494270-A5D8-4F40-BEB3-12A5377AFF4B}.Release|Any CPU.Build.0 = Release|Any CPU
		{05494270-A5D8-4F40-BEB3-12A5377AFF4B}.Release|x64.ActiveCfg = Release|Any CPU
		{05494270-A5D8-4F40-BEB3-12A5377AFF4B}.Release|x64.Build.0 = Release|Any CPU
		{05494270-A5D8-4F40-BEB3-12A5377AFF4B}.Release|x86.ActiveCfg = Release|Any CPU
		{05494270-A5D8-4F40-BEB3-12A5377AFF4B}.Release|x86.Build.0 = Release|Any CPU
	EndGlobalSection
	GlobalSection(SolutionProperties) = preSolution
		HideSolutionNode = FALSE
	EndGlobalSection
	GlobalSection(ExtensibilityGlobals) = postSolution
		SolutionGuid = {50FAE7F9-D6E0-4FE8-BD03-E3E4C74D6CB0}
	EndGlobalSection
EndGlobal
